{
  "name": "ali-pinia",
  "lockfileVersion": 3,
  "requires": true,
  "packages": {
    "": {
      "devDependencies": {
        "@mini-types/alipay": "^3"
      }
    },
    "node_modules/@mini-types/alipay": {
      "version": "3.0.3",
      "dev": true,
      "license": "MIT",
      "dependencies": {
        "@mini-types/global": "3.0.3",
        "@mini-types/my": "3.0.3"
      }
    },
    "node_modules/@mini-types/global": {
      "version": "3.0.3",
      "dev": true,
      "license": "MIT"
    },
    "node_modules/@mini-types/my": {
      "version": "3.0.3",
      "dev": true,
      "license": "MIT"
    }
  }
}
